
Microsoft Visual Studio Solution File, Format Version 12.00
# Visual Studio Version 16
VisualStudioVersion = 16.0.29920.165
MinimumVisualStudioVersion = 15.0.26124.0
Project("{9A19103F-16F7-4668-BE54-9A1E7A4F7556}") = "SalesAnalysis.Domain", "SalesAnalysis.Domain\SalesAnalysis.Domain.csproj", "{D7085E32-36CD-424A-8987-BCB275268D71}"
EndProject
Project("{9A19103F-16F7-4668-BE54-9A1E7A4F7556}") = "SalesAnalysis.Workers", "SalesAnalysis.Workers\SalesAnalysis.Workers.csproj", "{6D0C458E-D5F7-4B7F-BDA9-2CD1BF4DEF99}"
EndProject
Project("{9A19103F-16F7-4668-BE54-9A1E7A4F7556}") = "SalesAnalysis.UnitTests", "SalesAnalysis.UnitTests\SalesAnalysis.UnitTests.csproj", "{04560DEA-F0D6-4AB8-944D-48AA89C03E6A}"
EndProject
Project("{FAE04EC0-301F-11D3-BF4B-00C04F79EFBC}") = "SalesAnalysis.Application", "SalesAnalysis.Application\SalesAnalysis.Application.csproj", "{76FB9278-6DCE-4EBD-AB25-0DF2DE128A02}"
EndProject
Global
	GlobalSection(SolutionConfigurationPlatforms) = preSolution
		Debug|Any CPU = Debug|Any CPU
		Debug|x64 = Debug|x64
		Debug|x86 = Debug|x86
		Release|Any CPU = Release|Any CPU
		Release|x64 = Release|x64
		Release|x86 = Release|x86
	EndGlobalSection
	GlobalSection(ProjectConfigurationPlatforms) = postSolution
		{D7085E32-36CD-424A-8987-BCB275268D71}.Debug|Any CPU.ActiveCfg = Debug|Any CPU
		{D7085E32-36CD-424A-8987-BCB275268D71}.Debug|Any CPU.Build.0 = Debug|Any CPU
		{D7085E32-36CD-424A-8987-BCB275268D71}.Debug|x64.ActiveCfg = Debug|Any CPU
		{D7085E32-36CD-424A-8987-BCB275268D71}.Debug|x64.Build.0 = Debug|Any CPU
		{D7085E32-36CD-424A-8987-BCB275268D71}.Debug|x86.ActiveCfg = Debug|Any CPU
		{D7085E32-36CD-424A-8987-BCB275268D71}.Debug|x86.Build.0 = Debug|Any CPU
		{D7085E32-36CD-424A-8987-BCB275268D71}.Release|Any CPU.ActiveCfg = Release|Any CPU
		{D7085E32-36CD-424A-8987-BCB275268D71}.Release|Any CPU.Build.0 = Release|Any CPU
		{D7085E32-36CD-424A-8987-BCB275268D71}.Release|x64.ActiveCfg = Release|Any CPU
		{D7085E32-36CD-424A-8987-BCB275268D71}.Release|x64.Build.0 = Release|Any CPU
		{D7085E32-36CD-424A-8987-BCB275268D71}.Release|x86.ActiveCfg = Release|Any CPU
		{D7085E32-36CD-424A-8987-BCB275268D71}.Release|x86.Build.0 = Release|Any CPU
		{6D0C458E-D5F7-4B7F-BDA9-2CD1BF4DEF99}.Debug|Any CPU.ActiveCfg = Debug|Any CPU
		{6D0C458E-D5F7-4B7F-BDA9-2CD1BF4DEF99}.Debug|Any CPU.Build.0 = Debug|Any CPU
		{6D0C458E-D5F7-4B7F-BDA9-2CD1BF4DEF99}.Debug|x64.ActiveCfg = Debug|Any CPU
		{6D0C458E-D5F7-4B7F-BDA9-2CD1BF4DEF99}.Debug|x64.Build.0 = Debug|Any CPU
		{6D0C458E-D5F7-4B7F-BDA9-2CD1BF4DEF99}.Debug|x86.ActiveCfg = Debug|Any CPU
		{6D0C458E-D5F7-4B7F-BDA9-2CD1BF4DEF99}.Debug|x86.Build.0 = Debug|Any CPU
		{6D0C458E-D5F7-4B7F-BDA9-2CD1BF4DEF99}.Release|Any CPU.ActiveCfg = Release|Any CPU
		{6D0C458E-D5F7-4B7F-BDA9-2CD1BF4DEF99}.Release|Any CPU.Build.0 = Release|Any CPU
		{6D0C458E-D5F7-4B7F-BDA9-2CD1BF4DEF99}.Release|x64.ActiveCfg = Release|Any CPU
		{6D0C458E-D5F7-4B7F-BDA9-2CD1BF4DEF99}.Release|x64.Build.0 = Release|Any CPU
		{6D0C458E-D5F7-4B7F-BDA9-2CD1BF4DEF99}.Release|x86.ActiveCfg = Release|Any CPU
		{6D0C458E-D5F7-4B7F-BDA9-2CD1BF4DEF99}.Release|x86.Build.0 = Release|Any CPU
		{04560DEA-F0D6-4AB8-944D-48AA89C03E6A}.Debug|Any CPU.ActiveCfg = Debug|Any CPU
		{04560DEA-F0D6-4AB8-944D-48AA89C03E6A}.Debug|Any CPU.Build.0 = Debug|Any CPU
		{04560DEA-F0D6-4AB8-944D-48AA89C03E6A}.Debug|x64.ActiveCfg = Debug|Any CPU
		{04560DEA-F0D6-4AB8-944D-48AA89C03E6A}.Debug|x64.Build.0 = Debug|Any CPU
		{04560DEA-F0D6-4AB8-944D-48AA89C03E6A}.Debug|x86.ActiveCfg = Debug|Any CPU
		{04560DEA-F0D6-4AB8-944D-48AA89C03E6A}.Debug|x86.Build.0 = Debug|Any CPU
		{04560DEA-F0D6-4AB8-944D-48AA89C03E6A}.Release|Any CPU.ActiveCfg = Release|Any CPU
		{04560DEA-F0D6-4AB8-944D-48AA89C03E6A}.Release|Any CPU.Build.0 = Release|Any CPU
		{04560DEA-F0D6-4AB8-944D-48AA89C03E6A}.Release|x64.ActiveCfg = Release|Any CPU
		{04560DEA-F0D6-4AB8-944D-48AA89C03E6A}.Release|x64.Build.0 = Release|Any CPU
		{04560DEA-F0D6-4AB8-944D-48AA89C03E6A}.Release|x86.ActiveCfg = Release|Any CPU
		{04560DEA-F0D6-4AB8-944D-48AA89C03E6A}.Release|x86.Build.0 = Release|Any CPU
		{76FB9278-6DCE-4EBD-AB25-0DF2DE128A02}.Debug|Any CPU.ActiveCfg = Debug|Any CPU
		{76FB9278-6DCE-4EBD-AB25-0DF2DE128A02}.Debug|Any CPU.Build.0 = Debug|Any CPU
		{76FB9278-6DCE-4EBD-AB25-0DF2DE128A02}.Debug|x64.ActiveCfg = Debug|Any CPU
		{76FB9278-6DCE-4EBD-AB25-0DF2DE128A02}.Debug|x64.Build.0 = Debug|Any CPU
		{76FB9278-6DCE-4EBD-AB25-0DF2DE128A02}.Debug|x86.ActiveCfg = Debug|Any CPU
		{76FB9278-6DCE-4EBD-AB25-0DF2DE128A02}.Debug|x86.Build.0 = Debug|Any CPU
		{76FB9278-6DCE-4EBD-AB25-0DF2DE128A02}.Release|Any CPU.ActiveCfg = Release|Any CPU
		{76FB9278-6DCE-4EBD-AB25-0DF2DE128A02}.Release|Any CPU.Build.0 = Release|Any CPU
		{76FB9278-6DCE-4EBD-AB25-0DF2DE128A02}.Release|x64.ActiveCfg = Release|Any CPU
		{76FB9278-6DCE-4EBD-AB25-0DF2DE128A02}.Release|x64.Build.0 = Release|Any CPU
		{76FB9278-6DCE-4EBD-AB25-0DF2DE128A02}.Release|x86.ActiveCfg = Release|Any CPU
		{76FB9278-6DCE-4EBD-AB25-0DF2DE128A02}.Release|x86.Build.0 = Release|Any CPU
	EndGlobalSection
	GlobalSection(SolutionProperties) = preSolution
		HideSolutionNode = FALSE
	EndGlobalSection
	GlobalSection(ExtensibilityGlobals) = postSolution
		SolutionGuid = {621B60DB-21C2-4E61-B127-017341B0C737}
	EndGlobalSection
EndGlobal
